{
  "name": "programmatic-seo-engine",
  "version": "1.0.0",
  "lockfileVersion": 3,
  "requires": true,
  "packages": {
    "": {
      "name": "programmatic-seo-engine",
      "version": "1.0.0"
    },
    "apps/web": {
      "version": "0.0.1",
      "extraneous": true,
      "dependencies": {
        "@astrojs/mdx": "^6.0.2",
        "@astrojs/partytown": "^2.1.7",
        "@astrojs/rss": "^4.0.18",
        "@astrojs/sitemap": "^3.7.3",
        "astro": "^6.4.4",
        "astro-seo": "^1.1.0",
        "serve": "^14.2.4",
        "sharp": "^0.34.3"
      },
      "engines": {
        "node": ">=22.12.0"
      }
    }
  }
}
